
Microsoft Visual Studio Solution File, Format Version 12.00
# Visual Studio Version 17
VisualStudioVersion = 17.0.32112.339
MinimumVisualStudioVersion = 10.0.40219.1
Project("{FAE04EC0-301F-11D3-BF4B-00C04F79EFBC}") = "SuperHoesAPI", "SuperHoesAPI\SuperHoesAPI.csproj", "{1212E397-66C4-44C1-AB9F-D638BB506DBD}"
EndProject
Global
	GlobalSection(SolutionConfigurationPlatforms) = preSolution
		Debug|Any CPU = Debug|Any CPU
		Release|Any CPU = Release|Any CPU
	EndGlobalSection
	GlobalSection(ProjectConfigurationPlatforms) = postSolution
		{1212E397-66C4-44C1-AB9F-D638BB506DBD}.Debug|Any CPU.ActiveCfg = Debug|Any CPU
		{1212E397-66C4-44C1-AB9F-D638BB506DBD}.Debug|Any CPU.Build.0 = Debug|Any CPU
		{1212E397-66C4-44C1-AB9F-D638BB506DBD}.Release|Any CPU.ActiveCfg = Release|Any CPU
		{1212E397-66C4-44C1-AB9F-D638BB506DBD}.Release|Any CPU.Build.0 = Release|Any CPU
	EndGlobalSection
	GlobalSection(SolutionProperties) = preSolution
		HideSolutionNode = FALSE
	EndGlobalSection
	GlobalSection(ExtensibilityGlobals) = postSolution
		SolutionGuid = {1BCA1B1B-697B-4A11-A07E-31CD5398EE5C}
	EndGlobalSection
EndGlobal
